
Microsoft Visual Studio Solution File, Format Version 12.00
# Visual Studio Version 16
VisualStudioVersion = 16.0.31205.134
MinimumVisualStudioVersion = 10.0.40219.1
Project("{FAE04EC0-301F-11D3-BF4B-00C04F79EFBC}") = "Sample.MediatR.CQRS", "Sample.MediatR.CQRS\Sample.MediatR.CQRS.csproj", "{33F8CC8C-F617-4187-AA8D-3BFBA1C58224}"
EndProject
Global
	GlobalSection(SolutionConfigurationPlatforms) = preSolution
		Debug|Any CPU = Debug|Any CPU
		Release|Any CPU = Release|Any CPU
	EndGlobalSection
	GlobalSection(ProjectConfigurationPlatforms) = postSolution
		{33F8CC8C-F617-4187-AA8D-3BFBA1C58224}.Debug|Any CPU.ActiveCfg = Debug|Any CPU
		{33F8CC8C-F617-4187-AA8D-3BFBA1C58224}.Debug|Any CPU.Build.0 = Debug|Any CPU
		{33F8CC8C-F617-4187-AA8D-3BFBA1C58224}.Release|Any CPU.ActiveCfg = Release|Any CPU
		{33F8CC8C-F617-4187-AA8D-3BFBA1C58224}.Release|Any CPU.Build.0 = Release|Any CPU
	EndGlobalSection
	GlobalSection(SolutionProperties) = preSolution
		HideSolutionNode = FALSE
	EndGlobalSection
	GlobalSection(ExtensibilityGlobals) = postSolution
		SolutionGuid = {630D81B1-198A-4511-A741-BDEA2FADEC90}
	EndGlobalSection
EndGlobal
